
Microsoft Visual Studio Solution File, Format Version 12.00
# Visual Studio Version 16
VisualStudioVersion = 16.0.29424.173
MinimumVisualStudioVersion = 10.0.40219.1
Project("{FAE04EC0-301F-11D3-BF4B-00C04F79EFBC}") = "Day1Demos", "Day1Demos\Day1Demos.csproj", "{FE36AE2C-D316-4BD2-AC08-875EEDAB51E7}"
EndProject
Global
	GlobalSection(SolutionConfigurationPlatforms) = preSolution
		Debug|Any CPU = Debug|Any CPU
		Release|Any CPU = Release|Any CPU
	EndGlobalSection
	GlobalSection(ProjectConfigurationPlatforms) = postSolution
		{FE36AE2C-D316-4BD2-AC08-875EEDAB51E7}.Debug|Any CPU.ActiveCfg = Debug|Any CPU
		{FE36AE2C-D316-4BD2-AC08-875EEDAB51E7}.Debug|Any CPU.Build.0 = Debug|Any CPU
		{FE36AE2C-D316-4BD2-AC08-875EEDAB51E7}.Release|Any CPU.ActiveCfg = Release|Any CPU
		{FE36AE2C-D316-4BD2-AC08-875EEDAB51E7}.Release|Any CPU.Build.0 = Release|Any CPU
	EndGlobalSection
	GlobalSection(SolutionProperties) = preSolution
		HideSolutionNode = FALSE
	EndGlobalSection
	GlobalSection(ExtensibilityGlobals) = postSolution
		SolutionGuid = {218F1192-F966-4365-A5D2-16D9D6DAFC76}
	EndGlobalSection
EndGlobal
